<?xml version="1.0" encoding="utf-8"?>
<Project ToolsVersion="4.0" xmlns="http://schemas.microsoft.com/developer/msbuild/2003">
  <ItemGroup>
    <Filter Include="Source Files">
      <UniqueIdentifier>{4FC737F1-C7A5-4376-A066-2A32D752A2FF}</UniqueIdentifier>
      <Extensions>cpp;c;cc;cxx;def;odl;idl;hpj;bat;asm;asmx</Extensions>
    </Filter>
    <Filter Include="Header Files">
      <UniqueIdentifier>{93995380-89BD-4b04-88EB-625FBE52EBFB}</UniqueIdentifier>
      <Extensions>h;hh;hpp;hxx;hm;inl;inc;xsd</Extensions>
    </Filter>
    <Filter Include="Resource Files">
      <UniqueIdentifier>{67DA6AB6-F800-4c08-8B7A-83BB121AAD01}</UniqueIdentifier>
      <Extensions>rc;ico;cur;bmp;dlg;rc2;rct;bin;rgs;gif;jpg;jpeg;jpe;resx;tiff;tif;png;wav</Extensions>
    </Filter>
  </ItemGroup>
  <ItemGroup>
    <ClCompile Include="src\aspenMortality.cpp">
      <Filter>Source Files</Filter>
    </ClCompile>
    <ClCompile Include="src\behavePlus.cpp">
      <Filter>Source Files</Filter>
    </ClCompile>
    <ClCompile Include="src\client.cpp">
      <Filter>Source Files</Filter>
    </ClCompile>
    <ClCompile Include="src\contain.cpp">
      <Filter>Source Files</Filter>
    </ClCompile>
    <ClCompile Include="src\containForce.cpp">
      <Filter>Source Files</Filter>
    </ClCompile>
    <ClCompile Include="src\ContainResource.cpp">
      <Filter>Source Files</Filter>
    </ClCompile>
    <ClCompile Include="src\ContainSim.cpp">
      <Filter>Source Files</Filter>
    </ClCompile>
    <ClCompile Include="src\crownFireSpreadRate.cpp">
      <Filter>Source Files</Filter>
    </ClCompile>
    <ClCompile Include="src\fuelModels.cpp">
      <Filter>Source Files</Filter>
    </ClCompile>
    <ClCompile Include="src\surface.cpp">
      <Filter>Source Files</Filter>
    </ClCompile>
    <ClCompile Include="src\surfaceFireEccentricity.cpp">
      <Filter>Source Files</Filter>
    </ClCompile>
    <ClCompile Include="src\surfaceFireFlameLength.cpp">
      <Filter>Source Files</Filter>
    </ClCompile>
    <ClCompile Include="src\surfaceFireLengthToWidthRatio.cpp">
      <Filter>Source Files</Filter>
    </ClCompile>
    <ClCompile Include="src\surfaceFirelineIntensity.cpp">
      <Filter>Source Files</Filter>
    </ClCompile>
    <ClCompile Include="src\surfaceFirePropogatingFlux.cpp">
      <Filter>Source Files</Filter>
    </ClCompile>
    <ClCompile Include="src\surfaceFireReactionIntensity.cpp">
      <Filter>Source Files</Filter>
    </ClCompile>
    <ClCompile Include="src\surfaceFireResidenceTime.cpp">
      <Filter>Source Files</Filter>
    </ClCompile>
    <ClCompile Include="src\surfaceFireSpread.cpp">
      <Filter>Source Files</Filter>
    </ClCompile>
    <ClCompile Include="src\surfaceFireWidth.cpp">
      <Filter>Source Files</Filter>
    </ClCompile>
    <ClCompile Include="src\surfaceFuelbedHeatSink.cpp">
      <Filter>Source Files</Filter>
    </ClCompile>
    <ClCompile Include="src\surfaceFuelbedIntermediates.cpp">
      <Filter>Source Files</Filter>
    </ClCompile>
    <ClCompile Include="src\surfaceInputs.cpp">
      <Filter>Source Files</Filter>
    </ClCompile>
    <ClCompile Include="src\treeMortality.cpp">
      <Filter>Source Files</Filter>
    </ClCompile>
    <ClCompile Include="src\twoFuelModels.cpp">
      <Filter>Source Files</Filter>
    </ClCompile>
    <ClCompile Include="src\windAdjustmentFactor.cpp">
      <Filter>Source Files</Filter>
    </ClCompile>
    <ClCompile Include="src\windSpeed.cpp">
      <Filter>Source Files</Filter>
    </ClCompile>
  </ItemGroup>
  <ItemGroup>
    <ClInclude Include="src\aspenMortality.h">
      <Filter>Header Files</Filter>
    </ClInclude>
    <ClInclude Include="src\behavePlus.h">
      <Filter>Header Files</Filter>
    </ClInclude>
    <ClInclude Include="src\contain.h">
      <Filter>Header Files</Filter>
    </ClInclude>
    <ClInclude Include="src\containForce.h">
      <Filter>Header Files</Filter>
    </ClInclude>
    <ClInclude Include="src\ContainResource.h">
      <Filter>Header Files</Filter>
    </ClInclude>
    <ClInclude Include="src\ContainSim.h">
      <Filter>Header Files</Filter>
    </ClInclude>
    <ClInclude Include="src\crownFireSpreadRate.h">
      <Filter>Header Files</Filter>
    </ClInclude>
    <ClInclude Include="src\fuelModels.h">
      <Filter>Header Files</Filter>
    </ClInclude>
    <ClInclude Include="src\surface.h">
      <Filter>Header Files</Filter>
    </ClInclude>
    <ClInclude Include="src\surfaceFireEccentricity.h">
      <Filter>Header Files</Filter>
    </ClInclude>
    <ClInclude Include="src\surfaceFireFlameLength.h">
      <Filter>Header Files</Filter>
    </ClInclude>
    <ClInclude Include="src\surfaceFireLengthToWidthRatio.h">
      <Filter>Header Files</Filter>
    </ClInclude>
    <ClInclude Include="src\surfaceFirelineIntensity.h">
      <Filter>Header Files</Filter>
    </ClInclude>
    <ClInclude Include="src\surfaceFirePropogatingFlux.h">
      <Filter>Header Files</Filter>
    </ClInclude>
    <ClInclude Include="src\surfaceFireReactionIntensity.h">
      <Filter>Header Files</Filter>
    </ClInclude>
    <ClInclude Include="src\surfaceFireResidenceTime.h">
      <Filter>Header Files</Filter>
    </ClInclude>
    <ClInclude Include="src\surfaceFireSpread.h">
      <Filter>Header Files</Filter>
    </ClInclude>
    <ClInclude Include="src\surfaceFireWidth.h">
      <Filter>Header Files</Filter>
    </ClInclude>
    <ClInclude Include="src\surfaceFuelbedHeatSink.h">
      <Filter>Header Files</Filter>
    </ClInclude>
    <ClInclude Include="src\surfaceFuelbedIntermediates.h">
      <Filter>Header Files</Filter>
    </ClInclude>
    <ClInclude Include="src\surfaceInputs.h">
      <Filter>Header Files</Filter>
    </ClInclude>
    <ClInclude Include="src\treeMortality.h">
      <Filter>Header Files</Filter>
    </ClInclude>
    <ClInclude Include="src\twoFuelModels.h">
      <Filter>Header Files</Filter>
    </ClInclude>
    <ClInclude Include="src\windAdjustmentFactor.h">
      <Filter>Header Files</Filter>
    </ClInclude>
    <ClInclude Include="src\windSpeed.h">
      <Filter>Header Files</Filter>
    </ClInclude>
  </ItemGroup>
</Project>