
Microsoft Visual Studio Solution File, Format Version 12.00
# Visual Studio 2013
VisualStudioVersion = 12.0.40629.0
MinimumVisualStudioVersion = 10.0.40219.1
Project("{8BC9CEB8-8B4A-11D0-8D11-00A0C91BC942}") = "GitBehave", "GitBehave.vcxproj", "{FE42E328-F323-4563-8C16-8761696DC859}"
EndProject
Global
	GlobalSection(SolutionConfigurationPlatforms) = preSolution
		Debug|Win32 = Debug|Win32
		Release|Win32 = Release|Win32
	EndGlobalSection
	GlobalSection(ProjectConfigurationPlatforms) = postSolution
		{FE42E328-F323-4563-8C16-8761696DC859}.Debug|Win32.ActiveCfg = Debug|Win32
		{FE42E328-F323-4563-8C16-8761696DC859}.Debug|Win32.Build.0 = Debug|Win32
		{FE42E328-F323-4563-8C16-8761696DC859}.Release|Win32.ActiveCfg = Release|Win32
		{FE42E328-F323-4563-8C16-8761696DC859}.Release|Win32.Build.0 = Release|Win32
	EndGlobalSection
	GlobalSection(SolutionProperties) = preSolution
		HideSolutionNode = FALSE
	EndGlobalSection
EndGlobal
